
Microsoft Visual Studio Solution File, Format Version 12.00
# Visual Studio Version 17
VisualStudioVersion = 17.1.32421.90
MinimumVisualStudioVersion = 10.0.40219.1
Project("{9A19103F-16F7-4668-BE54-9A1E7A4F7556}") = "PPE Inventory Management System Web App", "PPE Inventory Management System Web App.csproj", "{5737E669-910F-4B54-A968-5F4B9C4E7678}"
EndProject
Global
	GlobalSection(SolutionConfigurationPlatforms) = preSolution
		Debug|Any CPU = Debug|Any CPU
		Release|Any CPU = Release|Any CPU
	EndGlobalSection
	GlobalSection(ProjectConfigurationPlatforms) = postSolution
		{5737E669-910F-4B54-A968-5F4B9C4E7678}.Debug|Any CPU.ActiveCfg = Debug|Any CPU
		{5737E669-910F-4B54-A968-5F4B9C4E7678}.Debug|Any CPU.Build.0 = Debug|Any CPU
		{5737E669-910F-4B54-A968-5F4B9C4E7678}.Release|Any CPU.ActiveCfg = Release|Any CPU
		{5737E669-910F-4B54-A968-5F4B9C4E7678}.Release|Any CPU.Build.0 = Release|Any CPU
	EndGlobalSection
	GlobalSection(SolutionProperties) = preSolution
		HideSolutionNode = FALSE
	EndGlobalSection
	GlobalSection(ExtensibilityGlobals) = postSolution
		SolutionGuid = {A32B3597-9455-4410-AD64-21541B074091}
	EndGlobalSection
EndGlobal
